
Microsoft Visual Studio Solution File, Format Version 12.00
# Visual Studio 15
VisualStudioVersion = 15.0.28307.329
MinimumVisualStudioVersion = 10.0.40219.1
Project("{FAE04EC0-301F-11D3-BF4B-00C04F79EFBC}") = "MongoImportTool", "MongoImportTool\MongoImportTool.csproj", "{F821894E-8E76-44FA-9E8F-24B461C42995}"
EndProject
Global
	GlobalSection(SolutionConfigurationPlatforms) = preSolution
		Debug|Any CPU = Debug|Any CPU
		Release|Any CPU = Release|Any CPU
	EndGlobalSection
	GlobalSection(ProjectConfigurationPlatforms) = postSolution
		{F821894E-8E76-44FA-9E8F-24B461C42995}.Debug|Any CPU.ActiveCfg = Debug|Any CPU
		{F821894E-8E76-44FA-9E8F-24B461C42995}.Debug|Any CPU.Build.0 = Debug|Any CPU
		{F821894E-8E76-44FA-9E8F-24B461C42995}.Release|Any CPU.ActiveCfg = Release|Any CPU
		{F821894E-8E76-44FA-9E8F-24B461C42995}.Release|Any CPU.Build.0 = Release|Any CPU
	EndGlobalSection
	GlobalSection(SolutionProperties) = preSolution
		HideSolutionNode = FALSE
	EndGlobalSection
	GlobalSection(ExtensibilityGlobals) = postSolution
		SolutionGuid = {C8006634-C03A-4001-86FE-3BA0D3492087}
	EndGlobalSection
EndGlobal
